
Microsoft Visual Studio Solution File, Format Version 11.00
# Visual Studio 2010
Project("{FAE04EC0-301F-11D3-BF4B-00C04F79EFBC}") = "Hosts修改工具", "Hosts修改工具\Hosts修改工具.csproj", "{353B6FB5-CD0D-4B62-9B80-2962EA93BA5E}"
EndProject
Global
	GlobalSection(SolutionConfigurationPlatforms) = preSolution
		Debug|Any CPU = Debug|Any CPU
		Release|Any CPU = Release|Any CPU
	EndGlobalSection
	GlobalSection(ProjectConfigurationPlatforms) = postSolution
		{353B6FB5-CD0D-4B62-9B80-2962EA93BA5E}.Debug|Any CPU.ActiveCfg = Debug|Any CPU
		{353B6FB5-CD0D-4B62-9B80-2962EA93BA5E}.Debug|Any CPU.Build.0 = Debug|Any CPU
		{353B6FB5-CD0D-4B62-9B80-2962EA93BA5E}.Release|Any CPU.ActiveCfg = Release|Any CPU
		{353B6FB5-CD0D-4B62-9B80-2962EA93BA5E}.Release|Any CPU.Build.0 = Release|Any CPU
	EndGlobalSection
	GlobalSection(SolutionProperties) = preSolution
		HideSolutionNode = FALSE
	EndGlobalSection
EndGlobal
